
Microsoft Visual Studio Solution File, Format Version 12.00
# Visual Studio Version 16
VisualStudioVersion = 16.0.31613.86
MinimumVisualStudioVersion = 10.0.40219.1
Project("{FAE04EC0-301F-11D3-BF4B-00C04F79EFBC}") = "lab2", "lab2.csproj", "{A861B908-BE41-4DB0-AE78-37AA47164A0D}"
EndProject
Global
	GlobalSection(SolutionConfigurationPlatforms) = preSolution
		Debug|Any CPU = Debug|Any CPU
		Release|Any CPU = Release|Any CPU
	EndGlobalSection
	GlobalSection(ProjectConfigurationPlatforms) = postSolution
		{A861B908-BE41-4DB0-AE78-37AA47164A0D}.Debug|Any CPU.ActiveCfg = Debug|Any CPU
		{A861B908-BE41-4DB0-AE78-37AA47164A0D}.Debug|Any CPU.Build.0 = Debug|Any CPU
		{A861B908-BE41-4DB0-AE78-37AA47164A0D}.Release|Any CPU.ActiveCfg = Release|Any CPU
		{A861B908-BE41-4DB0-AE78-37AA47164A0D}.Release|Any CPU.Build.0 = Release|Any CPU
	EndGlobalSection
	GlobalSection(SolutionProperties) = preSolution
		HideSolutionNode = FALSE
	EndGlobalSection
	GlobalSection(ExtensibilityGlobals) = postSolution
		SolutionGuid = {8AE2DC09-E27F-4DFA-A313-FE5F85A1F0F5}
	EndGlobalSection
EndGlobal
